
Microsoft Visual Studio Solution File, Format Version 11.00
# Visual Studio 2010
Project("{8BC9CEB8-8B4A-11D0-8D11-00A0C91BC942}") = "ex5.2.3", "ex5.2.3\ex5.2.3.vcxproj", "{0204C0BE-957E-4FAF-B35B-D4849FA92C58}"
EndProject
Global
	GlobalSection(SolutionConfigurationPlatforms) = preSolution
		Debug|Win32 = Debug|Win32
		Release|Win32 = Release|Win32
	EndGlobalSection
	GlobalSection(ProjectConfigurationPlatforms) = postSolution
		{0204C0BE-957E-4FAF-B35B-D4849FA92C58}.Debug|Win32.ActiveCfg = Debug|Win32
		{0204C0BE-957E-4FAF-B35B-D4849FA92C58}.Debug|Win32.Build.0 = Debug|Win32
		{0204C0BE-957E-4FAF-B35B-D4849FA92C58}.Release|Win32.ActiveCfg = Release|Win32
		{0204C0BE-957E-4FAF-B35B-D4849FA92C58}.Release|Win32.Build.0 = Release|Win32
	EndGlobalSection
	GlobalSection(SolutionProperties) = preSolution
		HideSolutionNode = FALSE
	EndGlobalSection
EndGlobal
