
Microsoft Visual Studio Solution File, Format Version 11.00
# Visual Studio 2010
Project("{8BC9CEB8-8B4A-11D0-8D11-00A0C91BC942}") = "houghLines", "houghLines\houghLines.vcxproj", "{26640E82-898B-4B9B-BBF1-33FE66E56FA3}"
EndProject
Global
	GlobalSection(SolutionConfigurationPlatforms) = preSolution
		Debug|Win32 = Debug|Win32
		Release|Win32 = Release|Win32
	EndGlobalSection
	GlobalSection(ProjectConfigurationPlatforms) = postSolution
		{26640E82-898B-4B9B-BBF1-33FE66E56FA3}.Debug|Win32.ActiveCfg = Debug|Win32
		{26640E82-898B-4B9B-BBF1-33FE66E56FA3}.Debug|Win32.Build.0 = Debug|Win32
		{26640E82-898B-4B9B-BBF1-33FE66E56FA3}.Release|Win32.ActiveCfg = Release|Win32
		{26640E82-898B-4B9B-BBF1-33FE66E56FA3}.Release|Win32.Build.0 = Release|Win32
	EndGlobalSection
	GlobalSection(SolutionProperties) = preSolution
		HideSolutionNode = FALSE
	EndGlobalSection
EndGlobal
