
Microsoft Visual Studio Solution File, Format Version 11.00
# Visual Studio 2010
Project("{8BC9CEB8-8B4A-11D0-8D11-00A0C91BC942}") = "ex6.5.4", "ex6.5.4\ex6.5.4.vcxproj", "{064C7C6E-4531-4D81-9C47-F98815CFB255}"
EndProject
Global
	GlobalSection(SolutionConfigurationPlatforms) = preSolution
		Debug|Win32 = Debug|Win32
		Release|Win32 = Release|Win32
	EndGlobalSection
	GlobalSection(ProjectConfigurationPlatforms) = postSolution
		{064C7C6E-4531-4D81-9C47-F98815CFB255}.Debug|Win32.ActiveCfg = Debug|Win32
		{064C7C6E-4531-4D81-9C47-F98815CFB255}.Debug|Win32.Build.0 = Debug|Win32
		{064C7C6E-4531-4D81-9C47-F98815CFB255}.Release|Win32.ActiveCfg = Release|Win32
		{064C7C6E-4531-4D81-9C47-F98815CFB255}.Release|Win32.Build.0 = Release|Win32
	EndGlobalSection
	GlobalSection(SolutionProperties) = preSolution
		HideSolutionNode = FALSE
	EndGlobalSection
EndGlobal
