
Microsoft Visual Studio Solution File, Format Version 11.00
# Visual Studio 2010
Project("{8BC9CEB8-8B4A-11D0-8D11-00A0C91BC942}") = "minAreaRect", "minAreaRect\minAreaRect.vcxproj", "{21AEB5E8-7C28-43FB-90ED-28A56E53F547}"
EndProject
Global
	GlobalSection(SolutionConfigurationPlatforms) = preSolution
		Debug|Win32 = Debug|Win32
		Release|Win32 = Release|Win32
	EndGlobalSection
	GlobalSection(ProjectConfigurationPlatforms) = postSolution
		{21AEB5E8-7C28-43FB-90ED-28A56E53F547}.Debug|Win32.ActiveCfg = Debug|Win32
		{21AEB5E8-7C28-43FB-90ED-28A56E53F547}.Debug|Win32.Build.0 = Debug|Win32
		{21AEB5E8-7C28-43FB-90ED-28A56E53F547}.Release|Win32.ActiveCfg = Release|Win32
		{21AEB5E8-7C28-43FB-90ED-28A56E53F547}.Release|Win32.Build.0 = Release|Win32
	EndGlobalSection
	GlobalSection(SolutionProperties) = preSolution
		HideSolutionNode = FALSE
	EndGlobalSection
EndGlobal
